
Microsoft Visual Studio Solution File, Format Version 12.00
# Visual Studio Version 16
VisualStudioVersion = 16.0.31424.327
MinimumVisualStudioVersion = 10.0.40219.1
Project("{9A19103F-16F7-4668-BE54-9A1E7A4F7556}") = "BlazorToDoApp", "BlazorToDoApp.csproj", "{634EEF84-5E13-438C-8BD0-B417BC8A32EC}"
EndProject
Global
	GlobalSection(SolutionConfigurationPlatforms) = preSolution
		Debug|Any CPU = Debug|Any CPU
		Release|Any CPU = Release|Any CPU
	EndGlobalSection
	GlobalSection(ProjectConfigurationPlatforms) = postSolution
		{634EEF84-5E13-438C-8BD0-B417BC8A32EC}.Debug|Any CPU.ActiveCfg = Debug|Any CPU
		{634EEF84-5E13-438C-8BD0-B417BC8A32EC}.Debug|Any CPU.Build.0 = Debug|Any CPU
		{634EEF84-5E13-438C-8BD0-B417BC8A32EC}.Release|Any CPU.ActiveCfg = Release|Any CPU
		{634EEF84-5E13-438C-8BD0-B417BC8A32EC}.Release|Any CPU.Build.0 = Release|Any CPU
	EndGlobalSection
	GlobalSection(SolutionProperties) = preSolution
		HideSolutionNode = FALSE
	EndGlobalSection
	GlobalSection(ExtensibilityGlobals) = postSolution
		SolutionGuid = {3C32882D-DFE7-4616-90AE-372BF04A5CF2}
	EndGlobalSection
EndGlobal
